
Microsoft Visual Studio Solution File, Format Version 12.00
# Visual Studio Version 16
VisualStudioVersion = 16.0.29123.88
MinimumVisualStudioVersion = 10.0.40219.1
Project("{2150E333-8FDC-42A3-9474-1A3956D46DE8}") = "Solution Items", "Solution Items", "{4E54B677-EF2E-426B-B390-2B24731A3542}"
	ProjectSection(SolutionItems) = preProject
		.editorconfig = .editorconfig
	EndProjectSection
EndProject
Project("{9A19103F-16F7-4668-BE54-9A1E7A4F7556}") = "CoordinateConverterCmd", "CoordinateConverterCmd5\CoordinateConverterCmd.csproj", "{7A3C2B0D-27F9-47AB-B4FE-968B5E84E3F2}"
EndProject
Project("{9A19103F-16F7-4668-BE54-9A1E7A4F7556}") = "CoordinateConversionLibrary", "CoordinateConversionLibrary\CoordinateConversionLibrary.csproj", "{0D383162-4E07-495E-B694-520BF1A5C3C2}"
EndProject
Project("{9A19103F-16F7-4668-BE54-9A1E7A4F7556}") = "CC_Unittests", "CC_Unittests\CC_Unittests.csproj", "{34D1D3AC-1369-4E6C-8637-FBDC49B2E234}"
EndProject
Global
	GlobalSection(SolutionConfigurationPlatforms) = preSolution
		Debug|Any CPU = Debug|Any CPU
		Release|Any CPU = Release|Any CPU
	EndGlobalSection
	GlobalSection(ProjectConfigurationPlatforms) = postSolution
		{7A3C2B0D-27F9-47AB-B4FE-968B5E84E3F2}.Debug|Any CPU.ActiveCfg = Debug|Any CPU
		{7A3C2B0D-27F9-47AB-B4FE-968B5E84E3F2}.Debug|Any CPU.Build.0 = Debug|Any CPU
		{7A3C2B0D-27F9-47AB-B4FE-968B5E84E3F2}.Release|Any CPU.ActiveCfg = Release|Any CPU
		{7A3C2B0D-27F9-47AB-B4FE-968B5E84E3F2}.Release|Any CPU.Build.0 = Release|Any CPU
		{0D383162-4E07-495E-B694-520BF1A5C3C2}.Debug|Any CPU.ActiveCfg = Debug|Any CPU
		{0D383162-4E07-495E-B694-520BF1A5C3C2}.Debug|Any CPU.Build.0 = Debug|Any CPU
		{0D383162-4E07-495E-B694-520BF1A5C3C2}.Release|Any CPU.ActiveCfg = Release|Any CPU
		{0D383162-4E07-495E-B694-520BF1A5C3C2}.Release|Any CPU.Build.0 = Release|Any CPU
		{34D1D3AC-1369-4E6C-8637-FBDC49B2E234}.Debug|Any CPU.ActiveCfg = Debug|Any CPU
		{34D1D3AC-1369-4E6C-8637-FBDC49B2E234}.Debug|Any CPU.Build.0 = Debug|Any CPU
		{34D1D3AC-1369-4E6C-8637-FBDC49B2E234}.Release|Any CPU.ActiveCfg = Release|Any CPU
		{34D1D3AC-1369-4E6C-8637-FBDC49B2E234}.Release|Any CPU.Build.0 = Release|Any CPU
	EndGlobalSection
	GlobalSection(SolutionProperties) = preSolution
		HideSolutionNode = FALSE
	EndGlobalSection
	GlobalSection(NestedProjects) = preSolution
		{34D1D3AC-1369-4E6C-8637-FBDC49B2E234} = {4E54B677-EF2E-426B-B390-2B24731A3542}
	EndGlobalSection
	GlobalSection(ExtensibilityGlobals) = postSolution
		SolutionGuid = {A4F0A797-63A6-4D3E-AFF9-BBABB64F4A6B}
	EndGlobalSection
EndGlobal
